
Microsoft Visual Studio Solution File, Format Version 12.00
# Visual Studio Express 2012 for Windows Desktop
Project("{FAE04EC0-301F-11D3-BF4B-00C04F79EFBC}") = "NadexBoxer", "NadexBoxer\NadexBoxer.csproj", "{7C5E70DF-9349-40E6-ADB3-11ED9B92DDD2}"
EndProject
Project("{FAE04EC0-301F-11D3-BF4B-00C04F79EFBC}") = "UITester", "UITester\UITester.csproj", "{F97D3A5C-5B2F-48FA-BF16-FB31466C2EA7}"
EndProject
Global
	GlobalSection(SolutionConfigurationPlatforms) = preSolution
		Debug|Any CPU = Debug|Any CPU
		Release|Any CPU = Release|Any CPU
	EndGlobalSection
	GlobalSection(ProjectConfigurationPlatforms) = postSolution
		{7C5E70DF-9349-40E6-ADB3-11ED9B92DDD2}.Debug|Any CPU.ActiveCfg = Debug|Any CPU
		{7C5E70DF-9349-40E6-ADB3-11ED9B92DDD2}.Debug|Any CPU.Build.0 = Debug|Any CPU
		{7C5E70DF-9349-40E6-ADB3-11ED9B92DDD2}.Release|Any CPU.ActiveCfg = Release|Any CPU
		{7C5E70DF-9349-40E6-ADB3-11ED9B92DDD2}.Release|Any CPU.Build.0 = Release|Any CPU
		{F97D3A5C-5B2F-48FA-BF16-FB31466C2EA7}.Debug|Any CPU.ActiveCfg = Debug|Any CPU
		{F97D3A5C-5B2F-48FA-BF16-FB31466C2EA7}.Debug|Any CPU.Build.0 = Debug|Any CPU
		{F97D3A5C-5B2F-48FA-BF16-FB31466C2EA7}.Release|Any CPU.ActiveCfg = Release|Any CPU
		{F97D3A5C-5B2F-48FA-BF16-FB31466C2EA7}.Release|Any CPU.Build.0 = Release|Any CPU
	EndGlobalSection
	GlobalSection(SolutionProperties) = preSolution
		HideSolutionNode = FALSE
	EndGlobalSection
EndGlobal
